
Microsoft Visual Studio Solution File, Format Version 12.00
# Visual Studio Version 17
VisualStudioVersion = 17.5.002.0
MinimumVisualStudioVersion = 10.0.40219.1
Project("{9A19103F-16F7-4668-BE54-9A1E7A4F7556}") = "ISSProject", "ISSProject.csproj", "{BBB667D0-7B92-4440-8DFA-339B1BE53E75}"
EndProject
Project("{FAE04EC0-301F-11D3-BF4B-00C04F79EFBC}") = "TestProject", "..\TestProject\TestProject.csproj", "{E6881A71-FF33-441F-9FFD-5258C1B87655}"
EndProject
Global
	GlobalSection(SolutionConfigurationPlatforms) = preSolution
		Debug|Any CPU = Debug|Any CPU
		Release|Any CPU = Release|Any CPU
	EndGlobalSection
	GlobalSection(ProjectConfigurationPlatforms) = postSolution
		{BBB667D0-7B92-4440-8DFA-339B1BE53E75}.Debug|Any CPU.ActiveCfg = Debug|Any CPU
		{BBB667D0-7B92-4440-8DFA-339B1BE53E75}.Debug|Any CPU.Build.0 = Debug|Any CPU
		{BBB667D0-7B92-4440-8DFA-339B1BE53E75}.Release|Any CPU.ActiveCfg = Release|Any CPU
		{BBB667D0-7B92-4440-8DFA-339B1BE53E75}.Release|Any CPU.Build.0 = Release|Any CPU
		{E6881A71-FF33-441F-9FFD-5258C1B87655}.Debug|Any CPU.ActiveCfg = Debug|Any CPU
		{E6881A71-FF33-441F-9FFD-5258C1B87655}.Debug|Any CPU.Build.0 = Debug|Any CPU
		{E6881A71-FF33-441F-9FFD-5258C1B87655}.Release|Any CPU.ActiveCfg = Release|Any CPU
		{E6881A71-FF33-441F-9FFD-5258C1B87655}.Release|Any CPU.Build.0 = Release|Any CPU
	EndGlobalSection
	GlobalSection(SolutionProperties) = preSolution
		HideSolutionNode = FALSE
	EndGlobalSection
	GlobalSection(ExtensibilityGlobals) = postSolution
		SolutionGuid = {1EAF8A8A-342F-4A73-B9CC-C5B4BCE09254}
	EndGlobalSection
EndGlobal
